
Microsoft Visual Studio Solution File, Format Version 12.00
# Visual Studio Version 17
VisualStudioVersion = 17.11.35312.102
MinimumVisualStudioVersion = 10.0.40219.1
Project("{9A19103F-16F7-4668-BE54-9A1E7A4F7556}") = "OutboxProcessing", "OutboxProcessing\OutboxProcessing.csproj", "{0D96F937-0CD2-4612-A6D4-AC561340D2E0}"
EndProject
Project("{9A19103F-16F7-4668-BE54-9A1E7A4F7556}") = "Messaging.Contracts", "Messaging.Contracts\Messaging.Contracts.csproj", "{A8AF6974-CE05-4452-9EC8-311193358AC8}"
EndProject
Global
	GlobalSection(SolutionConfigurationPlatforms) = preSolution
		Debug|Any CPU = Debug|Any CPU
		Release|Any CPU = Release|Any CPU
	EndGlobalSection
	GlobalSection(ProjectConfigurationPlatforms) = postSolution
		{0D96F937-0CD2-4612-A6D4-AC561340D2E0}.Debug|Any CPU.ActiveCfg = Debug|Any CPU
		{0D96F937-0CD2-4612-A6D4-AC561340D2E0}.Debug|Any CPU.Build.0 = Debug|Any CPU
		{0D96F937-0CD2-4612-A6D4-AC561340D2E0}.Release|Any CPU.ActiveCfg = Release|Any CPU
		{0D96F937-0CD2-4612-A6D4-AC561340D2E0}.Release|Any CPU.Build.0 = Release|Any CPU
		{A8AF6974-CE05-4452-9EC8-311193358AC8}.Debug|Any CPU.ActiveCfg = Debug|Any CPU
		{A8AF6974-CE05-4452-9EC8-311193358AC8}.Debug|Any CPU.Build.0 = Debug|Any CPU
		{A8AF6974-CE05-4452-9EC8-311193358AC8}.Release|Any CPU.ActiveCfg = Release|Any CPU
		{A8AF6974-CE05-4452-9EC8-311193358AC8}.Release|Any CPU.Build.0 = Release|Any CPU
	EndGlobalSection
	GlobalSection(SolutionProperties) = preSolution
		HideSolutionNode = FALSE
	EndGlobalSection
	GlobalSection(ExtensibilityGlobals) = postSolution
		SolutionGuid = {D4B2EAEE-0A68-41D9-B512-2B0B714CD109}
	EndGlobalSection
EndGlobal
